
Microsoft Visual Studio Solution File, Format Version 12.00
# Visual Studio 15
VisualStudioVersion = 15.0.28307.136
MinimumVisualStudioVersion = 10.0.40219.1
Project("{FAE04EC0-301F-11D3-BF4B-00C04F79EFBC}") = "SimpleCalculator", "SimpleCalculator\SimpleCalculator.csproj", "{7911A1B3-0DD4-4E65-A0B1-9452DC3F068F}"
EndProject
Project("{FAE04EC0-301F-11D3-BF4B-00C04F79EFBC}") = "SimpleCalculator.Test.Unit", "SimpleCalculator.Test.Unit\SimpleCalculator.Test.Unit.csproj", "{D11FD08E-9B45-4D18-B30A-1B3F9B8530D6}"
EndProject
Global
	GlobalSection(SolutionConfigurationPlatforms) = preSolution
		Debug|Any CPU = Debug|Any CPU
		Release|Any CPU = Release|Any CPU
	EndGlobalSection
	GlobalSection(ProjectConfigurationPlatforms) = postSolution
		{7911A1B3-0DD4-4E65-A0B1-9452DC3F068F}.Debug|Any CPU.ActiveCfg = Debug|Any CPU
		{7911A1B3-0DD4-4E65-A0B1-9452DC3F068F}.Debug|Any CPU.Build.0 = Debug|Any CPU
		{7911A1B3-0DD4-4E65-A0B1-9452DC3F068F}.Release|Any CPU.ActiveCfg = Release|Any CPU
		{7911A1B3-0DD4-4E65-A0B1-9452DC3F068F}.Release|Any CPU.Build.0 = Release|Any CPU
		{D11FD08E-9B45-4D18-B30A-1B3F9B8530D6}.Debug|Any CPU.ActiveCfg = Debug|Any CPU
		{D11FD08E-9B45-4D18-B30A-1B3F9B8530D6}.Debug|Any CPU.Build.0 = Debug|Any CPU
		{D11FD08E-9B45-4D18-B30A-1B3F9B8530D6}.Release|Any CPU.ActiveCfg = Release|Any CPU
		{D11FD08E-9B45-4D18-B30A-1B3F9B8530D6}.Release|Any CPU.Build.0 = Release|Any CPU
	EndGlobalSection
	GlobalSection(SolutionProperties) = preSolution
		HideSolutionNode = FALSE
	EndGlobalSection
	GlobalSection(ExtensibilityGlobals) = postSolution
		SolutionGuid = {5224BA0B-59D3-463A-8669-F5C2574EBECA}
	EndGlobalSection
EndGlobal
